
Microsoft Visual Studio Solution File, Format Version 12.00
# Visual Studio Version 17
VisualStudioVersion = 17.5.33424.131
MinimumVisualStudioVersion = 10.0.40219.1
Project("{FAE04EC0-301F-11D3-BF4B-00C04F79EFBC}") = "StructsInit", "StructsInit\StructsInit.csproj", "{9D984871-F154-40AB-B2C7-60321F5777DB}"
EndProject
Global
	GlobalSection(SolutionConfigurationPlatforms) = preSolution
		Debug|Any CPU = Debug|Any CPU
		Release|Any CPU = Release|Any CPU
	EndGlobalSection
	GlobalSection(ProjectConfigurationPlatforms) = postSolution
		{9D984871-F154-40AB-B2C7-60321F5777DB}.Debug|Any CPU.ActiveCfg = Debug|Any CPU
		{9D984871-F154-40AB-B2C7-60321F5777DB}.Debug|Any CPU.Build.0 = Debug|Any CPU
		{9D984871-F154-40AB-B2C7-60321F5777DB}.Release|Any CPU.ActiveCfg = Release|Any CPU
		{9D984871-F154-40AB-B2C7-60321F5777DB}.Release|Any CPU.Build.0 = Release|Any CPU
	EndGlobalSection
	GlobalSection(SolutionProperties) = preSolution
		HideSolutionNode = FALSE
	EndGlobalSection
	GlobalSection(ExtensibilityGlobals) = postSolution
		SolutionGuid = {5D1E587A-3426-4CF9-B860-0C6641C60C87}
	EndGlobalSection
EndGlobal
